filippo.io/edwards25519 v1.2.0 h1:crnVqOiS4jqYleHd9vaKZ+HKtHfllngJIiOpNpoJsjo=
filippo.io/edwards25519 v1.2.0/go.mod h1:xzAOLCNug/yB62zG1bQ8uziwrIqIuxhctzJT18Q77mc=
github.com/armon/circbuf v0.0.0-20190214190532-5111143e8da2 h1:7Ip0wMmLHLRJdrloDxZfhMm0xrLXZS8+COSu2bXmEQs=
github.com/armon/circbuf v0.0.0-20190214190532-5111143e8da2/go.mod h1:3U/XgcO3hCbHZ8TKRvWD2dDTCfh9M9ya+I9JpbB7O8o=
github.com/beevik/ntp v1.5.0 h1:y+uj/JjNwlY2JahivxYvtmv4ehfi3h74fAuABB9ZSM4=
github.com/beevik/ntp v1.5.0/go.mod h1:mJEhBrwT76w9D+IfOEGvuzyuudiW9E52U2BaTrMOYow=
github.com/cespare/xxhash/v2 v2.3.0 h1:UL815xU9SqsFlibzuggzjXhog7bL6oX9BbNZnL2UFvs=
github.com/cespare/xxhash/v2 v2.3.0/go.mod h1:VGX0DQ3Q6kWi7AoAeZDth3/j3BFtOZR5XLFGgcrjCOs=
github.com/davecgh/go-spew v1.1.2-0.20180830191138-d8f796af33cc h1:U9qPSI2PIWSS1VwoXQT9A3Wy9MM3WgvqSxFWenqJduM=
github.com/davecgh/go-spew v1.1.2-0.20180830191138-d8f796af33cc/go.mod h1:J7Y8YcW2NihsgmVo/mv3lAwl/skON4iLHjSsI+c5H38=
github.com/dchest/siphash v1.2.3 h1:QXwFc8cFOR2dSa/gE6o/HokBMWtLUaNDVd+22aKHeEA=
github.com/dchest/siphash v1.2.3/go.mod h1:0NvQU092bT0ipiFN++/rXm69QG9tVxLAlQHIXMPAkHc=
github.com/frankban/quicktest v1.14.6 h1:7Xjx+VpznH+oBnejlPUj8oUpdxnVs4f8XU8WnHkI4W8=
github.com/frankban/quicktest v1.14.6/go.mod h1:4ptaffx2x8+WTWXmUCuVU6aPUX1/Mz7zb5vbUoiM6w0=
github.com/fsnotify/fsnotify v1.10.1 h1:b0/UzAf9yR5rhf3RPm9gf3ehBPpf0oZKIjtpKrx59Ho=
github.com/fsnotify/fsnotify v1.10.1/go.mod h1:TLheqan6HD6GBK6PrDWyDPBaEV8LspOxvPSjC+bVfgo=
github.com/go-i2p/common v0.1.59 h1:cQnbhlCqgLnRNA7aCdYrl/8EpvWVdc1ua53kvHmNbTc=
github.com/go-i2p/common v0.1.59/go.mod h1:86pk779Mvn3CKt7hkfZUcWXgDPKexAy08SY74K6Vuag=
github.com/go-i2p/crypto v0.1.59 h1:YnO3+4pqz63S4C8JGinINEd4lXc5FJZ5fn5QYYCBLV8=
github.com/go-i2p/crypto v0.1.59/go.mod h1:MQOMwC3uwW53no8TVgbOkdgdr7K6IRmwA2ObOgKUi+g=
github.com/go-i2p/elgamal v0.1.59 h1:c790q3rFidE5tILYEVpZfFOZ6hshQkM54Rv73ppUhks=
github.com/go-i2p/elgamal v0.1.59/go.mod h1:doBqsiGCnCL7TzgKr+mJnfodAD7i5wEWMpap0qgKsAw=
github.com/go-i2p/go-datagrams v0.1.59 h1:zuU1dId/Nb3J74s4tpWampnY5tHumvpapdrB5Z/B2Jc=
github.com/go-i2p/go-datagrams v0.1.59/go.mod h1:MYps75m3+v7vLXvr3O3EiuzbV2y/kkyYOyFYFGEM9VI=
github.com/go-i2p/go-i2cp v0.1.59 h1:UFiUIKchKDElOD3ywoSEdKcKtjG4Lv2r/9i3FUE3qZo=
github.com/go-i2p/go-i2cp v0.1.59/go.mod h1:YDZJgM/w5d6n5By6RULUMl0ZSZNrY1xesO20i/LC+sw=
github.com/go-i2p/go-i2p v0.1.59 h1:pajLF/1yFLBQ+QNfa0T3NkO3VUgaH3yYzE9j9C++T4M=
github.com/go-i2p/go-i2p v0.1.59/go.mod h1:PreWkqkmueZVlB8wcWag5u5gIFKBt4pQDSK2XPbRsDw=
github.com/go-i2p/go-nat-listener v0.0.0-20260402222111-bfda0025cb1b h1:KzL/bql7UATLCsfk+kgam19kWuEe34/ia3A1uE0CFE0=
github.com/go-i2p/go-nat-listener v0.0.0-20260402222111-bfda0025cb1b/go.mod h1:hd95uOrwhTa2coFcJkBlGwGgOpjVNVYkAXxRvwIJRsE=
github.com/go-i2p/go-noise v0.1.59 h1:aq8umah3K0YFL6JQeUF5+VQJsMYg82qkiojy07gfDE4=
github.com/go-i2p/go-noise v0.1.59/go.mod h1:ixgm9eXBisJWkyCPryqL4e0Is6gi6o9j+LJr1tDHqTo=
github.com/go-i2p/go-streaming v0.1.59 h1:fHKBYJCznHNGa95VGCZHf5TxywYbQtThr4RKfEdKQDY=
github.com/go-i2p/go-streaming v0.1.59/go.mod h1:Prl+Nvn9eWax4zcB8//lYKnLj0I0UDJf0/9IvsWXUNA=
github.com/go-i2p/go-unzip v0.0.0-20260417162122-21146ed7aca8 h1:efCudZqf5/F4Mj/WYLqKveOwTPW81vVrn8Z0K7GFkTM=
github.com/go-i2p/go-unzip v0.0.0-20260417162122-21146ed7aca8/go.mod h1:Jy8JMJDZNzy6u4s1FGNeVvDAsuBJn24nxyNLS0QmYpM=
github.com/go-i2p/logger v0.1.59 h1:ARBisFCWIm5bbhxtBcOhehYFeC5lxIp9vWR0mZmf+yY=
github.com/go-i2p/logger v0.1.59/go.mod h1:WbyfWMndgFGJZ4xIA4oXlIfwgr3iQF/cb0HqMn/YZxk=
github.com/go-i2p/noise v1.1.1-0.20260327201800-8e41bb3d9f1e h1:RUdNl2UXCZAGYaEHlthIpyvnjgq4kTI5adRxGpXV7FM=
github.com/go-i2p/noise v1.1.1-0.20260327201800-8e41bb3d9f1e/go.mod h1:/tnXnzZXdjSLxU5lKMCKDDFKi9WUcsd7llNBSvyynJo=
github.com/go-i2p/path v0.1.59 h1:SiFEtC8XUwA+Qw+FGcSpTKeCUVg9OVuf6sGwQLNWrLI=
github.com/go-i2p/path v0.1.59/go.mod h1:KI1bhqXmkE2lbHyqpO8Fh5uX8nXFCVwfrjLnCFnH6LE=
github.com/go-i2p/pool v0.1.58 h1:Z5TIpuvrpCq5mCShn1Jmrm+bqa2yE362wR2U3D1KXjg=
github.com/go-i2p/pool v0.1.58/go.mod h1:H4KrD8kBTz9Ouc/N3px+gmrmx8LHS8AKHPPhhN6dCHs=
github.com/go-i2p/red25519 v0.0.0-20260302212615-1093a31f680d h1:a7DHsr9SOEjybZVtH3e0kJpXy40mZb1V+dGm9tptOl8=
github.com/go-i2p/red25519 v0.0.0-20260302212615-1093a31f680d/go.mod h1:6bX00E8eUkSstzG2c8L4MIuL6pX5VCYjcWjBVOMXk0M=
github.com/go-i2p/su3 v0.1.59 h1:cX9z/OD200o2gmgdbjBoS1/PlXpQY1TRFbJMdfbf9QY=
github.com/go-i2p/su3 v0.1.59/go.mod h1:EcmH0poryBAw841rUYiUkA4ivxunsSIdJ8gWUrjibAI=
github.com/go-viper/mapstructure/v2 v2.5.0 h1:vM5IJoUAy3d7zRSVtIwQgBj7BiWtMPfmPEgAXnvj1Ro=
github.com/go-viper/mapstructure/v2 v2.5.0/go.mod h1:oJDH3BJKyqBA2TXFhDsKDGDTlndYOZ6rGS0BRZIxGhM=
github.com/google/go-cmp v0.7.0 h1:wk8382ETsv4JYUZwIsn6YpYiWiBsYLSJiTsyBybVuN8=
github.com/google/go-cmp v0.7.0/go.mod h1:pXiqmnSA92OHEEa9HXL2W4E7lf9JzCmGVUdgjX3N/iU=
github.com/hashicorp/golang-lru/v2 v2.0.7 h1:a+bsQ5rvGLjzHuww6tVxozPZFVghXaHOwFs4luLUK2k=
github.com/hashicorp/golang-lru/v2 v2.0.7/go.mod h1:QeFd9opnmA6QUJc5vARoKUSoFhyfM2/ZepoAG6RGpeM=
github.com/huin/goupnp v1.3.0 h1:UvLUlWDNpoUdYzb2TCn+MuTWtcjXKSza2n6CBdQ0xXc=
github.com/huin/goupnp v1.3.0/go.mod h1:gnGPsThkYa7bFi/KWmEysQRf48l2dvR5bxr2OFckNX8=
github.com/jackpal/go-nat-pmp v1.0.2 h1:KzKSgb7qkJvOUTqYl9/Hg/me3pWgBmERKrTGD7BdWus=
github.com/jackpal/go-nat-pmp v1.0.2/go.mod h1:QPH045xvCAeXUZOxsnwmrtiCoxIr9eob+4orBN1SBKc=
github.com/kr/pretty v0.3.1 h1:flRD4NNwYAUpkphVc1HcthR4KEIFJ65n8Mw5qdRn3LE=
github.com/kr/pretty v0.3.1/go.mod h1:hoEshYVHaxMs3cyo3Yncou5ZscifuDolrwPKZanG3xk=
github.com/kr/text v0.2.0 h1:5Nx0Ya0ZqY2ygV366QzturHI13Jq95ApcVaJBhpS+AY=
github.com/kr/text v0.2.0/go.mod h1:eLer722TekiGuMkidMxC/pM04lWEeraHUUmBw8l2grE=
github.com/oklog/ulid/v2 v2.1.1 h1:suPZ4ARWLOJLegGFiZZ1dFAkqzhMjL3J1TzI+5wHz8s=
github.com/oklog/ulid/v2 v2.1.1/go.mod h1:rcEKHmBBKfef9DhnvX7y1HZBYxjXb0cP5ExxNsTT1QQ=
github.com/pborman/getopt v0.0.0-20170112200414-7148bc3a4c30/go.mod h1:85jBQOZwpVEaDAr341tbn15RS4fCAsIst0qp7i8ex1o=
github.com/pelletier/go-toml/v2 v2.3.1 h1:MYEvvGnQjeNkRF1qUuGolNtNExTDwct51yp7olPtrEc=
github.com/pelletier/go-toml/v2 v2.3.1/go.mod h1:2gIqNv+qfxSVS7cM2xJQKtLSTLUE9V8t9Stt+h56mCY=
github.com/pmezard/go-difflib v1.0.1-0.20181226105442-5d4384ee4fb2 h1:Jamvg5psRIccs7FGNTlIRMkT8wgtp5eCXdBlqhYGL6U=
github.com/pmezard/go-difflib v1.0.1-0.20181226105442-5d4384ee4fb2/go.mod h1:iKH77koFhYxTK1pcRnkKkqfTogsbg7gZNVY4sRDYZ/4=
github.com/rogpeppe/go-internal v1.14.1 h1:UQB4HGPB6osV0SQTLymcB4TgvyWu6ZyliaW0tI/otEQ=
github.com/rogpeppe/go-internal v1.14.1/go.mod h1:MaRKkUm5W0goXpeCfT7UZI6fk/L7L7so1lCWt35ZSgc=
github.com/sagikazarmark/locafero v0.12.0 h1:/NQhBAkUb4+fH1jivKHWusDYFjMOOKU88eegjfxfHb4=
github.com/sagikazarmark/locafero v0.12.0/go.mod h1:sZh36u/YSZ918v0Io+U9ogLYQJ9tLLBmM4eneO6WwsI=
github.com/samber/lo v1.53.0 h1:t975lj2py4kJPQ6haz1QMgtId2gtmfktACxIXArw3HM=
github.com/samber/lo v1.53.0/go.mod h1:4+MXEGsJzbKGaUEQFKBq2xtfuznW9oz/WrgyzMzRoM0=
github.com/samber/oops v1.22.0 h1:fmWRC3YRUXFzpZ9Vs4nuckrsnCHv1cFV/bEm00Wvm0Y=
github.com/samber/oops v1.22.0/go.mod h1:8ZDRxwQdphVhmLtEX9I6134LHJe5yeCV8cTfHz3m91Y=
github.com/sirupsen/logrus v1.9.4 h1:TsZE7l11zFCLZnZ+teH4Umoq5BhEIfIzfRDZ1Uzql2w=
github.com/sirupsen/logrus v1.9.4/go.mod h1:ftWc9WdOfJ0a92nsE2jF5u5ZwH8Bv2zdeOC42RjbV2g=
github.com/spf13/afero v1.15.0 h1:b/YBCLWAJdFWJTN9cLhiXXcD7mzKn9Dm86dNnfyQw1I=
github.com/spf13/afero v1.15.0/go.mod h1:NC2ByUVxtQs4b3sIUphxK0NioZnmxgyCrfzeuq8lxMg=
github.com/spf13/cast v1.10.0 h1:h2x0u2shc1QuLHfxi+cTJvs30+ZAHOGRic8uyGTDWxY=
github.com/spf13/cast v1.10.0/go.mod h1:jNfB8QC9IA6ZuY2ZjDp0KtFO2LZZlg4S/7bzP6qqeHo=
github.com/spf13/pflag v1.0.10 h1:4EBh2KAYBwaONj6b2Ye1GiHfwjqyROoF4RwYO+vPwFk=
github.com/spf13/pflag v1.0.10/go.mod h1:McXfInJRrz4CZXVZOBLb0bTZqETkiAhM9Iw0y3An2Bg=
github.com/spf13/viper v1.21.0 h1:x5S+0EU27Lbphp4UKm1C+1oQO+rKx36vfCoaVebLFSU=
github.com/spf13/viper v1.21.0/go.mod h1:P0lhsswPGWD/1lZJ9ny3fYnVqxiegrlNrEmgLjbTCAY=
github.com/stretchr/testify v1.11.1 h1:7s2iGBzp5EwR7/aIZr8ao5+dra3wiQyKjjFuvgVKu7U=
github.com/stretchr/testify v1.11.1/go.mod h1:wZwfW3scLgRK+23gO65QZefKpKQRnfz6sD981Nm4B6U=
github.com/subosito/gotenv v1.6.0 h1:9NlTDc1FTs4qu0DDq7AEtTPNw6SVm7uBMsUCUjABIf8=
github.com/subosito/gotenv v1.6.0/go.mod h1:Dk4QP5c2W3ibzajGcXpNraDfq2IrhjMIvMSWPKKo0FU=
go.opentelemetry.io/otel v1.44.0 h1:JjwHmHpA4iZ3wBxluu2fbbE7j4kqlE8jXyAyPXH7HqU=
go.opentelemetry.io/otel v1.44.0/go.mod h1:BMgjTHL9WPRlRjL2oZCBTL4whCGtXch2H4BhOPIAyYc=
go.opentelemetry.io/otel/trace v1.44.0 h1:jxF5CsGYCe74MCRx2X4g7WsY/VBKRqqpNvXlX/6gtIk=
go.opentelemetry.io/otel/trace v1.44.0/go.mod h1:oLl1jrMQAVo6v3GAggN+1VH9VIz9iUSvW53sW1Q8PIE=
go.step.sm/crypto v0.82.0 h1:JOT8b/7Jh4My3mxE4U7UkuaN2sUGkZ8fnjznXaTGoRE=
go.step.sm/crypto v0.82.0/go.mod h1:qyLTv666WJ6ImFPUjljux+684Y/GGYUjAZcKCnc6yBs=
go.yaml.in/yaml/v3 v3.0.4 h1:tfq32ie2Jv2UxXFdLJdh3jXuOzWiL1fo0bu/FbuKpbc=
go.yaml.in/yaml/v3 v3.0.4/go.mod h1:DhzuOOF2ATzADvBadXxruRBLzYTpT36CKvDb3+aBEFg=
golang.org/x/crypto v0.52.0 h1:RMs7fP2rXdep0CftQlK8Uf+kibLm7qkCcradZWYz988=
golang.org/x/crypto v0.52.0/go.mod h1:1QgfPxDqh0T2M/elOJtp9RvuR95kVjir0e6/BvEmGbc=
golang.org/x/net v0.55.0 h1:bcvxaJn3e1U6InsFWt1JUq1aSjnRxLzT2rtD2KfkDF8=
golang.org/x/net v0.55.0/go.mod h1:L5U2KuzuOe1lY7Z+aWVIKK6qEeJXnXV9yzGA+WCHJww=
golang.org/x/sync v0.0.0-20210220032951-036812b2e83c/go.mod h1:RxMgew5VJxzue5/jJTE5uejpjVlOe/izrB70Jof72aM=
golang.org/x/sync v0.20.0 h1:e0PTpb7pjO8GAtTs2dQ6jYa5BWYlMuX047Dco/pItO4=
golang.org/x/sync v0.20.0/go.mod h1:9xrNwdLfx4jkKbNva9FpL6vEN7evnE43NNNJQ2LF3+0=
golang.org/x/sys v0.45.0 h1:dO4czNzziLiiXplLQgBCEpCvXQ3dnkn0SdaZSYdQ+FY=
golang.org/x/sys v0.45.0/go.mod h1:4GL1E5IUh+htKOUEOaiffhrAeqysfVGipDYzABqnCmw=
golang.org/x/text v0.37.0 h1:Cqjiwd9eSg8e0QAkyCaQTNHFIIzWtidPahFWR83rTrc=
golang.org/x/text v0.37.0/go.mod h1:a5sjxXGs9hsn/AJVwuElvCAo9v8QYLzvavO5z2PiM38=
golang.org/x/time v0.15.0 h1:bbrp8t3bGUeFOx08pvsMYRTCVSMk89u4tKbNOZbp88U=
golang.org/x/time v0.15.0/go.mod h1:Y4YMaQmXwGQZoFaVFk4YpCt4FLQMYKZe9oeV/f4MSno=
gopkg.in/check.v1 v0.0.0-20161208181325-20d25e280405/go.mod h1:Co6ibVJAznAaIkqp8huTwlJQCZ016jof/cbN4VW5Yz0=
gopkg.in/check.v1 v1.0.0-20201130134442-10cb98267c6c h1:Hei/4ADfdWqJk1ZMxUNpqntNwaWcugrBjAiHlqqRiVk=
gopkg.in/check.v1 v1.0.0-20201130134442-10cb98267c6c/go.mod h1:JHkPIbrfpd72SG/EVd6muEfDQjcINNoR0C8j2r3qZ4Q=
gopkg.in/yaml.v3 v3.0.1 h1:fxVm/GzAzEWqLHuvctI91KS9hhNmmWOoWu0XTYJS7CA=
gopkg.in/yaml.v3 v3.0.1/go.mod h1:K4uyk7z7BCEPqu6E+C64Yfv1cQ7kz7rIZviUmN+EgEM=
